// !$*UTF8*$!
{
	archiveVersion = 1;
	classes = {
	};
	objectVersion = 48;
	objects = {

/* Begin PBXBuildFile section */
		40140E47BB6C63B7CCD63BA4 /* Pods_SceneSwapTests.framework in Frameworks */ = {isa = PBXBuildFile; fileRef = 2BB6F4E1DC05E51479735A53 /* Pods_SceneSwapTests.framework */; };
		6587DA4F2063F634002FA027 /* SideMenuController.swift in Sources */ = {isa = PBXBuildFile; fileRef = 6587DA4E2063F634002FA027 /* SideMenuController.swift */; };
		6587DA532063FB15002FA027 /* Ballroom.jpg in Resources */ = {isa = PBXBuildFile; fileRef = 6587DA522063FB15002FA027 /* Ballroom.jpg */; };
		658A402B205F836900171BAE /* Cylinderv01.obj in Resources */ = {isa = PBXBuildFile; fileRef = 658A4029205F836900171BAE /* Cylinderv01.obj */; };
		65FCFF3C205A54BA00AE4C64 /* AppDelegate.swift in Sources */ = {isa = PBXBuildFile; fileRef = 65FCFF3B205A54BA00AE4C64 /* AppDelegate.swift */; };
		65FCFF41205A54BA00AE4C64 /* Main.storyboard in Resources */ = {isa = PBXBuildFile; fileRef = 65FCFF3F205A54BA00AE4C64 /* Main.storyboard */; };
		65FCFF43205A54BA00AE4C64 /* Assets.xcassets in Resources */ = {isa = PBXBuildFile; fileRef = 65FCFF42205A54BA00AE4C64 /* Assets.xcassets */; };
		65FCFF46205A54BA00AE4C64 /* LaunchScreen.storyboard in Resources */ = {isa = PBXBuildFile; fileRef = 65FCFF44205A54BA00AE4C64 /* LaunchScreen.storyboard */; };
		65FCFF51205A54BA00AE4C64 /* SceneSwapTests.swift in Sources */ = {isa = PBXBuildFile; fileRef = 65FCFF50205A54BA00AE4C64 /* SceneSwapTests.swift */; };
		65FCFF5C205A54BA00AE4C64 /* SceneSwapUITests.swift in Sources */ = {isa = PBXBuildFile; fileRef = 65FCFF5B205A54BA00AE4C64 /* SceneSwapUITests.swift */; };
		65FCFF70205A550400AE4C64 /* Game.obj in Resources */ = {isa = PBXBuildFile; fileRef = 65FCFF69205A550300AE4C64 /* Game.obj */; };
		65FCFF71205A550400AE4C64 /* GameTex.png in Resources */ = {isa = PBXBuildFile; fileRef = 65FCFF6B205A550300AE4C64 /* GameTex.png */; };
		65FCFF73205A550400AE4C64 /* Renderer.swift in Sources */ = {isa = PBXBuildFile; fileRef = 65FCFF6D205A550300AE4C64 /* Renderer.swift */; };
		65FCFF74205A550400AE4C64 /* Shaders.metal in Sources */ = {isa = PBXBuildFile; fileRef = 65FCFF6E205A550400AE4C64 /* Shaders.metal */; };
		65FCFF75205A550400AE4C64 /* ViewController.swift in Sources */ = {isa = PBXBuildFile; fileRef = 65FCFF6F205A550400AE4C64 /* ViewController.swift */; };
		65FCFF7A205A553800AE4C64 /* Metal.framework in Frameworks */ = {isa = PBXBuildFile; fileRef = 65FCFF77205A553800AE4C64 /* Metal.framework */; };
		65FCFF7B205A553800AE4C64 /* MetalKit.framework in Frameworks */ = {isa = PBXBuildFile; fileRef = 65FCFF78205A553800AE4C64 /* MetalKit.framework */; };
		65FCFF7C205A553800AE4C64 /* MetalPerformanceShaders.framework in Frameworks */ = {isa = PBXBuildFile; fileRef = 65FCFF79205A553800AE4C64 /* MetalPerformanceShaders.framework */; };
		65FCFF82205A57AC00AE4C64 /* ARKit.framework in Frameworks */ = {isa = PBXBuildFile; fileRef = 65FCFF81205A57AC00AE4C64 /* ARKit.framework */; };
		C58AB5B5DAF4C4B1248F84F7 /* Pods_SceneSwapUITests.framework in Frameworks */ = {isa = PBXBuildFile; fileRef = 4132C1CA109DCCA2A079CF51 /* Pods_SceneSwapUITests.framework */; };
		CACD424CFCBFF1CC0D0736B7 /* Pods_SceneSwap.framework in Frameworks */ = {isa = PBXBuildFile; fileRef = 2F356D00F3C214B372DDE5F0 /* Pods_SceneSwap.framework */; };
/* End PBXBuildFile section */

/* Begin PBXContainerItemProxy section */
		65FCFF4D205A54BA00AE4C64 /* PBXContainerItemProxy */ = {
			isa = PBXContainerItemProxy;
			containerPortal = 65FCFF30205A54BA00AE4C64 /* Project object */;
			proxyType = 1;
			remoteGlobalIDString = 65FCFF37205A54BA00AE4C64;
			remoteInfo = SceneSwap;
		};
		65FCFF58205A54BA00AE4C64 /* PBXContainerItemProxy */ = {
			isa = PBXContainerItemProxy;
			containerPortal = 65FCFF30205A54BA00AE4C64 /* Project object */;
			proxyType = 1;
			remoteGlobalIDString = 65FCFF37205A54BA00AE4C64;
			remoteInfo = SceneSwap;
		};
/* End PBXContainerItemProxy section */

/* Begin PBXFileReference section */
		0DAABA65AC84EFEAEB53AD7D /* Pods-SceneSwap.release.xcconfig */ = {isa = PBXFileReference; includeInIndex = 1; lastKnownFileType = text.xcconfig; name = "Pods-SceneSwap.release.xcconfig"; path = "Pods/Target Support Files/Pods-SceneSwap/Pods-SceneSwap.release.xcconfig"; sourceTree = "<group>"; };
		1154892969A6D38C249193E9 /* Pods-SceneSwapUITests.debug.xcconfig */ = {isa = PBXFileReference; includeInIndex = 1; lastKnownFileType = text.xcconfig; name = "Pods-SceneSwapUITests.debug.xcconfig"; path = "Pods/Target Support Files/Pods-SceneSwapUITests/Pods-SceneSwapUITests.debug.xcconfig"; sourceTree = "<group>"; };
		2BB6F4E1DC05E51479735A53 /* Pods_SceneSwapTests.framework */ = {isa = PBXFileReference; explicitFileType = wrapper.framework; includeInIndex = 0; path = Pods_SceneSwapTests.framework; sourceTree = BUILT_PRODUCTS_DIR; };
		2F356D00F3C214B372DDE5F0 /* Pods_SceneSwap.framework */ = {isa = PBXFileReference; explicitFileType = wrapper.framework; includeInIndex = 0; path = Pods_SceneSwap.framework; sourceTree = BUILT_PRODUCTS_DIR; };
		4132C1CA109DCCA2A079CF51 /* Pods_SceneSwapUITests.framework */ = {isa = PBXFileReference; explicitFileType = wrapper.framework; includeInIndex = 0; path = Pods_SceneSwapUITests.framework; sourceTree = BUILT_PRODUCTS_DIR; };
		4B1DF23E384A9B7B38696EE1 /* Pods-SceneSwapUITests.release.xcconfig */ = {isa = PBXFileReference; includeInIndex = 1; lastKnownFileType = text.xcconfig; name = "Pods-SceneSwapUITests.release.xcconfig"; path = "Pods/Target Support Files/Pods-SceneSwapUITests/Pods-SceneSwapUITests.release.xcconfig"; sourceTree = "<group>"; };
		61E4A299DD5BE13A9C1C0B12 /* Pods-SceneSwapTests.release.xcconfig */ = {isa = PBXFileReference; includeInIndex = 1; lastKnownFileType = text.xcconfig; name = "Pods-SceneSwapTests.release.xcconfig"; path = "Pods/Target Support Files/Pods-SceneSwapTests/Pods-SceneSwapTests.release.xcconfig"; sourceTree = "<group>"; };
		6587DA4E2063F634002FA027 /* SideMenuController.swift */ = {isa = PBXFileReference; lastKnownFileType = sourcecode.swift; path = SideMenuController.swift; sourceTree = "<group>"; };
		6587DA522063FB15002FA027 /* Ballroom.jpg */ = {isa = PBXFileReference; lastKnownFileType = image.jpeg; path = Ballroom.jpg; sourceTree = "<group>"; };
		658A4029205F836900171BAE /* Cylinderv01.obj */ = {isa = PBXFileReference; fileEncoding = 4; lastKnownFileType = text; path = Cylinderv01.obj; sourceTree = "<group>"; };
		65FCFF38205A54BA00AE4C64 /* SceneSwap.app */ = {isa = PBXFileReference; explicitFileType = wrapper.application; includeInIndex = 0; path = SceneSwap.app; sourceTree = BUILT_PRODUCTS_DIR; };
		65FCFF3B205A54BA00AE4C64 /* AppDelegate.swift */ = {isa = PBXFileReference; lastKnownFileType = sourcecode.swift; path = AppDelegate.swift; sourceTree = "<group>"; };
		65FCFF40205A54BA00AE4C64 /* Base */ = {isa = PBXFileReference; lastKnownFileType = file.storyboard; name = Base; path = Base.lproj/Main.storyboard; sourceTree = "<group>"; };
		65FCFF42205A54BA00AE4C64 /* Assets.xcassets */ = {isa = PBXFileReference; lastKnownFileType = folder.assetcatalog; path = Assets.xcassets; sourceTree = "<group>"; };
		65FCFF45205A54BA00AE4C64 /* Base */ = {isa = PBXFileReference; lastKnownFileType = file.storyboard; name = Base; path = Base.lproj/LaunchScreen.storyboard; sourceTree = "<group>"; };
		65FCFF47205A54BA00AE4C64 /* Info.plist */ = {isa = PBXFileReference; lastKnownFileType = text.plist.xml; path = Info.plist; sourceTree = "<group>"; };
		65FCFF4C205A54BA00AE4C64 /* SceneSwapTests.xctest */ = {isa = PBXFileReference; explicitFileType = wrapper.cfbundle; includeInIndex = 0; path = SceneSwapTests.xctest; sourceTree = BUILT_PRODUCTS_DIR; };
		65FCFF50205A54BA00AE4C64 /* SceneSwapTests.swift */ = {isa = PBXFileReference; lastKnownFileType = sourcecode.swift; path = SceneSwapTests.swift; sourceTree = "<group>"; };
		65FCFF52205A54BA00AE4C64 /* Info.plist */ = {isa = PBXFileReference; lastKnownFileType = text.plist.xml; path = Info.plist; sourceTree = "<group>"; };
		65FCFF57205A54BA00AE4C64 /* SceneSwapUITests.xctest */ = {isa = PBXFileReference; explicitFileType = wrapper.cfbundle; includeInIndex = 0; path = SceneSwapUITests.xctest; sourceTree = BUILT_PRODUCTS_DIR; };
		65FCFF5B205A54BA00AE4C64 /* SceneSwapUITests.swift */ = {isa = PBXFileReference; lastKnownFileType = sourcecode.swift; path = SceneSwapUITests.swift; sourceTree = "<group>"; };
		65FCFF5D205A54BA00AE4C64 /* Info.plist */ = {isa = PBXFileReference; lastKnownFileType = text.plist.xml; path = Info.plist; sourceTree = "<group>"; };
		65FCFF69205A550300AE4C64 /* Game.obj */ = {isa = PBXFileReference; fileEncoding = 4; lastKnownFileType = text; path = Game.obj; sourceTree = "<group>"; };
		65FCFF6A205A550300AE4C64 /* ShaderTypes.h */ = {isa = PBXFileReference; fileEncoding = 4; lastKnownFileType = sourcecode.c.h; path = ShaderTypes.h; sourceTree = "<group>"; };
		65FCFF6B205A550300AE4C64 /* GameTex.png */ = {isa = PBXFileReference; lastKnownFileType = image.png; path = GameTex.png; sourceTree = "<group>"; };
		65FCFF6D205A550300AE4C64 /* Renderer.swift */ = {isa = PBXFileReference; fileEncoding = 4; lastKnownFileType = sourcecode.swift; path = Renderer.swift; sourceTree = "<group>"; };
		65FCFF6E205A550400AE4C64 /* Shaders.metal */ = {isa = PBXFileReference; fileEncoding = 4; lastKnownFileType = sourcecode.metal; path = Shaders.metal; sourceTree = "<group>"; };
		65FCFF6F205A550400AE4C64 /* ViewController.swift */ = {isa = PBXFileReference; fileEncoding = 4; lastKnownFileType = sourcecode.swift; name = ViewController.swift; path = "../../../../Downloads/arkit-virtual-backdrop-master 2/Backdrop Demo/ViewController.swift"; sourceTree = "<group>"; };
		65FCFF77205A553800AE4C64 /* Metal.framework */ = {isa = PBXFileReference; lastKnownFileType = wrapper.framework; name = Metal.framework; path = System/Library/Frameworks/Metal.framework; sourceTree = SDKROOT; };
		65FCFF78205A553800AE4C64 /* MetalKit.framework */ = {isa = PBXFileReference; lastKnownFileType = wrapper.framework; name = MetalKit.framework; path = System/Library/Frameworks/MetalKit.framework; sourceTree = SDKROOT; };
		65FCFF79205A553800AE4C64 /* MetalPerformanceShaders.framework */ = {isa = PBXFileReference; lastKnownFileType = wrapper.framework; name = MetalPerformanceShaders.framework; path = System/Library/Frameworks/MetalPerformanceShaders.framework; sourceTree = SDKROOT; };
		65FCFF7D205A558A00AE4C64 /* SceneSwap-Bridging-Header.h */ = {isa = PBXFileReference; lastKnownFileType = sourcecode.c.h; path = "SceneSwap-Bridging-Header.h"; sourceTree = "<group>"; };
		65FCFF81205A57AC00AE4C64 /* ARKit.framework */ = {isa = PBXFileReference; lastKnownFileType = wrapper.framework; name = ARKit.framework; path = System/Library/Frameworks/ARKit.framework; sourceTree = SDKROOT; };
		97DF9F699313B51AB515377C /* Pods-SceneSwapTests.debug.xcconfig */ = {isa = PBXFileReference; includeInIndex = 1; lastKnownFileType = text.xcconfig; name = "Pods-SceneSwapTests.debug.xcconfig"; path = "Pods/Target Support Files/Pods-SceneSwapTests/Pods-SceneSwapTests.debug.xcconfig"; sourceTree = "<group>"; };
		B6993892645D21E93BEB453C /* Pods-SceneSwap.debug.xcconfig */ = {isa = PBXFileReference; includeInIndex = 1; lastKnownFileType = text.xcconfig; name = "Pods-SceneSwap.debug.xcconfig"; path = "Pods/Target Support Files/Pods-SceneSwap/Pods-SceneSwap.debug.xcconfig"; sourceTree = "<group>"; };
/* End PBXFileReference section */

/* Begin PBXFrameworksBuildPhase section */
		65FCFF35205A54BA00AE4C64 /* Frameworks */ = {
			isa = PBXFrameworksBuildPhase;
			buildActionMask = 2147483647;
			files = (
				65FCFF82205A57AC00AE4C64 /* ARKit.framework in Frameworks */,
				65FCFF7A205A553800AE4C64 /* Metal.framework in Frameworks */,
				65FCFF7B205A553800AE4C64 /* MetalKit.framework in Frameworks */,
				65FCFF7C205A553800AE4C64 /* MetalPerformanceShaders.framework in Frameworks */,
				CACD424CFCBFF1CC0D0736B7 /* Pods_SceneSwap.framework in Frameworks */,
			);
			runOnlyForDeploymentPostprocessing = 0;
		};
		65FCFF49205A54BA00AE4C64 /* Frameworks */ = {
			isa = PBXFrameworksBuildPhase;
			buildActionMask = 2147483647;
			files = (
				40140E47BB6C63B7CCD63BA4 /* Pods_SceneSwapTests.framework in Frameworks */,
			);
			runOnlyForDeploymentPostprocessing = 0;
		};
		65FCFF54205A54BA00AE4C64 /* Frameworks */ = {
			isa = PBXFrameworksBuildPhase;
			buildActionMask = 2147483647;
			files = (
				C58AB5B5DAF4C4B1248F84F7 /* Pods_SceneSwapUITests.framework in Frameworks */,
			);
			runOnlyForDeploymentPostprocessing = 0;
		};
/* End PBXFrameworksBuildPhase section */

/* Begin PBXGroup section */
		65FCFF2F205A54BA00AE4C64 = {
			isa = PBXGroup;
			children = (
				65FCFF3A205A54BA00AE4C64 /* SceneSwap */,
				65FCFF4F205A54BA00AE4C64 /* SceneSwapTests */,
				65FCFF5A205A54BA00AE4C64 /* SceneSwapUITests */,
				65FCFF39205A54BA00AE4C64 /* Products */,
				65FCFF76205A553800AE4C64 /* Frameworks */,
				F67930DB4CCD7F97F6A9F188 /* Pods */,
			);
			sourceTree = "<group>";
		};
		65FCFF39205A54BA00AE4C64 /* Products */ = {
			isa = PBXGroup;
			children = (
				65FCFF38205A54BA00AE4C64 /* SceneSwap.app */,
				65FCFF4C205A54BA00AE4C64 /* SceneSwapTests.xctest */,
				65FCFF57205A54BA00AE4C64 /* SceneSwapUITests.xctest */,
			);
			name = Products;
			sourceTree = "<group>";
		};
		65FCFF3A205A54BA00AE4C64 /* SceneSwap */ = {
			isa = PBXGroup;
			children = (
				6587DA522063FB15002FA027 /* Ballroom.jpg */,
				658A4029205F836900171BAE /* Cylinderv01.obj */,
				65FCFF69205A550300AE4C64 /* Game.obj */,
				65FCFF6B205A550300AE4C64 /* GameTex.png */,
				65FCFF6D205A550300AE4C64 /* Renderer.swift */,
				65FCFF6E205A550400AE4C64 /* Shaders.metal */,
				65FCFF6A205A550300AE4C64 /* ShaderTypes.h */,
				65FCFF6F205A550400AE4C64 /* ViewController.swift */,
				6587DA4E2063F634002FA027 /* SideMenuController.swift */,
				65FCFF3B205A54BA00AE4C64 /* AppDelegate.swift */,
				65FCFF3F205A54BA00AE4C64 /* Main.storyboard */,
				65FCFF42205A54BA00AE4C64 /* Assets.xcassets */,
				65FCFF44205A54BA00AE4C64 /* LaunchScreen.storyboard */,
				65FCFF47205A54BA00AE4C64 /* Info.plist */,
				65FCFF7D205A558A00AE4C64 /* SceneSwap-Bridging-Header.h */,
			);
			path = SceneSwap;
			sourceTree = "<group>";
		};
		65FCFF4F205A54BA00AE4C64 /* SceneSwapTests */ = {
			isa = PBXGroup;
			children = (
				65FCFF50205A54BA00AE4C64 /* SceneSwapTests.swift */,
				65FCFF52205A54BA00AE4C64 /* Info.plist */,
			);
			path = SceneSwapTests;
			sourceTree = "<group>";
		};
		65FCFF5A205A54BA00AE4C64 /* SceneSwapUITests */ = {
			isa = PBXGroup;
			children = (
				65FCFF5B205A54BA00AE4C64 /* SceneSwapUITests.swift */,
				65FCFF5D205A54BA00AE4C64 /* Info.plist */,
			);
			path = SceneSwapUITests;
			sourceTree = "<group>";
		};
		65FCFF76205A553800AE4C64 /* Frameworks */ = {
			isa = PBXGroup;
			children = (
				65FCFF81205A57AC00AE4C64 /* ARKit.framework */,
				65FCFF77205A553800AE4C64 /* Metal.framework */,
				65FCFF78205A553800AE4C64 /* MetalKit.framework */,
				65FCFF79205A553800AE4C64 /* MetalPerformanceShaders.framework */,
				2F356D00F3C214B372DDE5F0 /* Pods_SceneSwap.framework */,
				2BB6F4E1DC05E51479735A53 /* Pods_SceneSwapTests.framework */,
				4132C1CA109DCCA2A079CF51 /* Pods_SceneSwapUITests.framework */,
			);
			name = Frameworks;
			sourceTree = "<group>";
		};
		F67930DB4CCD7F97F6A9F188 /* Pods */ = {
			isa = PBXGroup;
			children = (
				B6993892645D21E93BEB453C /* Pods-SceneSwap.debug.xcconfig */,
				0DAABA65AC84EFEAEB53AD7D /* Pods-SceneSwap.release.xcconfig */,
				97DF9F699313B51AB515377C /* Pods-SceneSwapTests.debug.xcconfig */,
				61E4A299DD5BE13A9C1C0B12 /* Pods-SceneSwapTests.release.xcconfig */,
				1154892969A6D38C249193E9 /* Pods-SceneSwapUITests.debug.xcconfig */,
				4B1DF23E384A9B7B38696EE1 /* Pods-SceneSwapUITests.release.xcconfig */,
			);
			name = Pods;
			sourceTree = "<group>";
		};
/* End PBXGroup section */

/* Begin PBXNativeTarget section */
		65FCFF37205A54BA00AE4C64 /* SceneSwap */ = {
			isa = PBXNativeTarget;
			buildConfigurationList = 65FCFF60205A54BA00AE4C64 /* Build configuration list for PBXNativeTarget "SceneSwap" */;
			buildPhases = (
				C200F51D20437F4670CD4925 /* [CP] Check Pods Manifest.lock */,
				65FCFF34205A54BA00AE4C64 /* Sources */,
				65FCFF35205A54BA00AE4C64 /* Frameworks */,
				65FCFF36205A54BA00AE4C64 /* Resources */,
				273D3E0A280C44D5F4FCB542 /* [CP] Embed Pods Frameworks */,
				C7EA4FDEFF51A19737178A1A /* [CP] Copy Pods Resources */,
			);
			buildRules = (
			);
			dependencies = (
			);
			name = SceneSwap;
			productName = SceneSwap;
			productReference = 65FCFF38205A54BA00AE4C64 /* SceneSwap.app */;
			productType = "com.apple.product-type.application";
		};
		65FCFF4B205A54BA00AE4C64 /* SceneSwapTests */ = {
			isa = PBXNativeTarget;
			buildConfigurationList = 65FCFF63205A54BA00AE4C64 /* Build configuration list for PBXNativeTarget "SceneSwapTests" */;
			buildPhases = (
				6E87EBB8E66293FD52B0040B /* [CP] Check Pods Manifest.lock */,
				65FCFF48205A54BA00AE4C64 /* Sources */,
				65FCFF49205A54BA00AE4C64 /* Frameworks */,
				65FCFF4A205A54BA00AE4C64 /* Resources */,
				D88B8C86AAE27D03FC6F5A5F /* [CP] Embed Pods Frameworks */,
				E935546FC726FE8919E8FC47 /* [CP] Copy Pods Resources */,
			);
			buildRules = (
			);
			dependencies = (
				65FCFF4E205A54BA00AE4C64 /* PBXTargetDependency */,
			);
			name = SceneSwapTests;
			productName = SceneSwapTests;
			productReference = 65FCFF4C205A54BA00AE4C64 /* SceneSwapTests.xctest */;
			productType = "com.apple.product-type.bundle.unit-test";
		};
		65FCFF56205A54BA00AE4C64 /* SceneSwapUITests */ = {
			isa = PBXNativeTarget;
			buildConfigurationList = 65FCFF66205A54BA00AE4C64 /* Build configuration list for PBXNativeTarget "SceneSwapUITests" */;
			buildPhases = (
				C3775363CED167117756BC94 /* [CP] Check Pods Manifest.lock */,
				65FCFF53205A54BA00AE4C64 /* Sources */,
				65FCFF54205A54BA00AE4C64 /* Frameworks */,
				65FCFF55205A54BA00AE4C64 /* Resources */,
				4A673E6ED8EDD67BC8BCA307 /* [CP] Embed Pods Frameworks */,
				51697983DED2C57AC06AFBE4 /* [CP] Copy Pods Resources */,
			);
			buildRules = (
			);
			dependencies = (
				65FCFF59205A54BA00AE4C64 /* PBXTargetDependency */,
			);
			name = SceneSwapUITests;
			productName = SceneSwapUITests;
			productReference = 65FCFF57205A54BA00AE4C64 /* SceneSwapUITests.xctest */;
			productType = "com.apple.product-type.bundle.ui-testing";
		};
/* End PBXNativeTarget section */

/* Begin PBXProject section */
		65FCFF30205A54BA00AE4C64 /* Project object */ = {
			isa = PBXProject;
			attributes = {
				LastSwiftUpdateCheck = 0920;
				LastUpgradeCheck = 0920;
				ORGANIZATIONNAME = Rizwan;
				TargetAttributes = {
					65FCFF37205A54BA00AE4C64 = {
						CreatedOnToolsVersion = 9.2;
						LastSwiftMigration = 0920;
						ProvisioningStyle = Automatic;
					};
					65FCFF4B205A54BA00AE4C64 = {
						CreatedOnToolsVersion = 9.2;
						ProvisioningStyle = Automatic;
						TestTargetID = 65FCFF37205A54BA00AE4C64;
					};
					65FCFF56205A54BA00AE4C64 = {
						CreatedOnToolsVersion = 9.2;
						ProvisioningStyle = Automatic;
						TestTargetID = 65FCFF37205A54BA00AE4C64;
					};
				};
			};
			buildConfigurationList = 65FCFF33205A54BA00AE4C64 /* Build configuration list for PBXProject "SceneSwap" */;
			compatibilityVersion = "Xcode 8.0";
			developmentRegion = en;
			hasScannedForEncodings = 0;
			knownRegions = (
				en,
				Base,
			);
			mainGroup = 65FCFF2F205A54BA00AE4C64;
			productRefGroup = 65FCFF39205A54BA00AE4C64 /* Products */;
			projectDirPath = "";
			projectRoot = "";
			targets = (
				65FCFF37205A54BA00AE4C64 /* SceneSwap */,
				65FCFF4B205A54BA00AE4C64 /* SceneSwapTests */,
				65FCFF56205A54BA00AE4C64 /* SceneSwapUITests */,
			);
		};
/* End PBXProject section */

/* Begin PBXResourcesBuildPhase section */
		65FCFF36205A54BA00AE4C64 /* Resources */ = {
			isa = PBXResourcesBuildPhase;
			buildActionMask = 2147483647;
			files = (
				65FCFF46205A54BA00AE4C64 /* LaunchScreen.storyboard in Resources */,
				65FCFF71205A550400AE4C64 /* GameTex.png in Resources */,
				65FCFF43205A54BA00AE4C64 /* Assets.xcassets in Resources */,
				658A402B205F836900171BAE /* Cylinderv01.obj in Resources */,
				65FCFF41205A54BA00AE4C64 /* Main.storyboard in Resources */,
				6587DA532063FB15002FA027 /* Ballroom.jpg in Resources */,
				65FCFF70205A550400AE4C64 /* Game.obj in Resources */,
			);
			runOnlyForDeploymentPostprocessing = 0;
		};
		65FCFF4A205A54BA00AE4C64 /* Resources */ = {
			isa = PBXResourcesBuildPhase;
			buildActionMask = 2147483647;
			files = (
			);
			runOnlyForDeploymentPostprocessing = 0;
		};
		65FCFF55205A54BA00AE4C64 /* Resources */ = {
			isa = PBXResourcesBuildPhase;
			buildActionMask = 2147483647;
			files = (
			);
			runOnlyForDeploymentPostprocessing = 0;
		};
/* End PBXResourcesBuildPhase section */

/* Begin PBXShellScriptBuildPhase section */
		273D3E0A280C44D5F4FCB542 /* [CP] Embed Pods Frameworks */ = {
			isa = PBXShellScriptBuildPhase;
			buildActionMask = 2147483647;
			files = (
			);
			inputPaths = (
				"${SRCROOT}/Pods/Target Support Files/Pods-SceneSwap/Pods-SceneSwap-frameworks.sh",
				"${BUILT_PRODUCTS_DIR}/LGSideMenuController/LGSideMenuController.framework",
			);
			name = "[CP] Embed Pods Frameworks";
			outputPaths = (
				"${TARGET_BUILD_DIR}/${FRAMEWORKS_FOLDER_PATH}/LGSideMenuController.framework",
			);
			runOnlyForDeploymentPostprocessing = 0;
			shellPath = /bin/sh;
			shellScript = "\"${SRCROOT}/Pods/Target Support Files/Pods-SceneSwap/Pods-SceneSwap-frameworks.sh\"\n";
			showEnvVarsInLog = 0;
		};
		4A673E6ED8EDD67BC8BCA307 /* [CP] Embed Pods Frameworks */ = {
			isa = PBXShellScriptBuildPhase;
			buildActionMask = 2147483647;
			files = (
			);
			inputPaths = (
			);
			name = "[CP] Embed Pods Frameworks";
			outputPaths = (
			);
			runOnlyForDeploymentPostprocessing = 0;
			shellPath = /bin/sh;
			shellScript = "\"${SRCROOT}/Pods/Target Support Files/Pods-SceneSwapUITests/Pods-SceneSwapUITests-frameworks.sh\"\n";
			showEnvVarsInLog = 0;
		};
		51697983DED2C57AC06AFBE4 /* [CP] Copy Pods Resources */ = {
			isa = PBXShellScriptBuildPhase;
			buildActionMask = 2147483647;
			files = (
			);
			inputPaths = (
			);
			name = "[CP] Copy Pods Resources";
			outputPaths = (
			);
			runOnlyForDeploymentPostprocessing = 0;
			shellPath = /bin/sh;
			shellScript = "\"${SRCROOT}/Pods/Target Support Files/Pods-SceneSwapUITests/Pods-SceneSwapUITests-resources.sh\"\n";
			showEnvVarsInLog = 0;
		};
		6E87EBB8E66293FD52B0040B /* [CP] Check Pods Manifest.lock */ = {
			isa = PBXShellScriptBuildPhase;
			buildActionMask = 2147483647;
			files = (
			);
			inputPaths = (
				"${PODS_PODFILE_DIR_PATH}/Podfile.lock",
				"${PODS_ROOT}/Manifest.lock",
			);
			name = "[CP] Check Pods Manifest.lock";
			outputPaths = (
				"$(DERIVED_FILE_DIR)/Pods-SceneSwapTests-checkManifestLockResult.txt",
			);
			runOnlyForDeploymentPostprocessing = 0;
			shellPath = /bin/sh;
			shellScript = "diff \"${PODS_PODFILE_DIR_PATH}/Podfile.lock\" \"${PODS_ROOT}/Manifest.lock\" > /dev/null\nif [ $? != 0 ] ; then\n    # print error to STDERR\n    echo \"error: The sandbox is not in sync with the Podfile.lock. Run 'pod install' or update your CocoaPods installation.\" >&2\n    exit 1\nfi\n# This output is used by Xcode 'outputs' to avoid re-running this script phase.\necho \"SUCCESS\" > \"${SCRIPT_OUTPUT_FILE_0}\"\n";
			showEnvVarsInLog = 0;
		};
		C200F51D20437F4670CD4925 /* [CP] Check Pods Manifest.lock */ = {
			isa = PBXShellScriptBuildPhase;
			buildActionMask = 2147483647;
			files = (
			);
			inputPaths = (
				"${PODS_PODFILE_DIR_PATH}/Podfile.lock",
				"${PODS_ROOT}/Manifest.lock",
			);
			name = "[CP] Check Pods Manifest.lock";
			outputPaths = (
				"$(DERIVED_FILE_DIR)/Pods-SceneSwap-checkManifestLockResult.txt",
			);
			runOnlyForDeploymentPostprocessing = 0;
			shellPath = /bin/sh;
			shellScript = "diff \"${PODS_PODFILE_DIR_PATH}/Podfile.lock\" \"${PODS_ROOT}/Manifest.lock\" > /dev/null\nif [ $? != 0 ] ; then\n    # print error to STDERR\n    echo \"error: The sandbox is not in sync with the Podfile.lock. Run 'pod install' or update your CocoaPods installation.\" >&2\n    exit 1\nfi\n# This output is used by Xcode 'outputs' to avoid re-running this script phase.\necho \"SUCCESS\" > \"${SCRIPT_OUTPUT_FILE_0}\"\n";
			showEnvVarsInLog = 0;
		};
		C3775363CED167117756BC94 /* [CP] Check Pods Manifest.lock */ = {
			isa = PBXShellScriptBuildPhase;
			buildActionMask = 2147483647;
			files = (
			);
			inputPaths = (
				"${PODS_PODFILE_DIR_PATH}/Podfile.lock",
				"${PODS_ROOT}/Manifest.lock",
			);
			name = "[CP] Check Pods Manifest.lock";
			outputPaths = (
				"$(DERIVED_FILE_DIR)/Pods-SceneSwapUITests-checkManifestLockResult.txt",
			);
			runOnlyForDeploymentPostprocessing = 0;
			shellPath = /bin/sh;
			shellScript = "diff \"${PODS_PODFILE_DIR_PATH}/Podfile.lock\" \"${PODS_ROOT}/Manifest.lock\" > /dev/null\nif [ $? != 0 ] ; then\n    # print error to STDERR\n    echo \"error: The sandbox is not in sync with the Podfile.lock. Run 'pod install' or update your CocoaPods installation.\" >&2\n    exit 1\nfi\n# This output is used by Xcode 'outputs' to avoid re-running this script phase.\necho \"SUCCESS\" > \"${SCRIPT_OUTPUT_FILE_0}\"\n";
			showEnvVarsInLog = 0;
		};
		C7EA4FDEFF51A19737178A1A /* [CP] Copy Pods Resources */ = {
			isa = PBXShellScriptBuildPhase;
			buildActionMask = 2147483647;
			files = (
			);
			inputPaths = (
			);
			name = "[CP] Copy Pods Resources";
			outputPaths = (
			);
			runOnlyForDeploymentPostprocessing = 0;
			shellPath = /bin/sh;
			shellScript = "\"${SRCROOT}/Pods/Target Support Files/Pods-SceneSwap/Pods-SceneSwap-resources.sh\"\n";
			showEnvVarsInLog = 0;
		};
		D88B8C86AAE27D03FC6F5A5F /* [CP] Embed Pods Frameworks */ = {
			isa = PBXShellScriptBuildPhase;
			buildActionMask = 2147483647;
			files = (
			);
			inputPaths = (
			);
			name = "[CP] Embed Pods Frameworks";
			outputPaths = (
			);
			runOnlyForDeploymentPostprocessing = 0;
			shellPath = /bin/sh;
			shellScript = "\"${SRCROOT}/Pods/Target Support Files/Pods-SceneSwapTests/Pods-SceneSwapTests-frameworks.sh\"\n";
			showEnvVarsInLog = 0;
		};
		E935546FC726FE8919E8FC47 /* [CP] Copy Pods Resources */ = {
			isa = PBXShellScriptBuildPhase;
			buildActionMask = 2147483647;
			files = (
			);
			inputPaths = (
			);
			name = "[CP] Copy Pods Resources";
			outputPaths = (
			);
			runOnlyForDeploymentPostprocessing = 0;
			shellPath = /bin/sh;
			shellScript = "\"${SRCROOT}/Pods/Target Support Files/Pods-SceneSwapTests/Pods-SceneSwapTests-resources.sh\"\n";
			showEnvVarsInLog = 0;
		};
/* End PBXShellScriptBuildPhase section */

/* Begin PBXSourcesBuildPhase section */
		65FCFF34205A54BA00AE4C64 /* Sources */ = {
			isa = PBXSourcesBuildPhase;
			buildActionMask = 2147483647;
			files = (
				6587DA4F2063F634002FA027 /* SideMenuController.swift in Sources */,
				65FCFF75205A550400AE4C64 /* ViewController.swift in Sources */,
				65FCFF74205A550400AE4C64 /* Shaders.metal in Sources */,
				65FCFF73205A550400AE4C64 /* Renderer.swift in Sources */,
				65FCFF3C205A54BA00AE4C64 /* AppDelegate.swift in Sources */,
			);
			runOnlyForDeploymentPostprocessing = 0;
		};
		65FCFF48205A54BA00AE4C64 /* Sources */ = {
			isa = PBXSourcesBuildPhase;
			buildActionMask = 2147483647;
			files = (
				65FCFF51205A54BA00AE4C64 /* SceneSwapTests.swift in Sources */,
			);
			runOnlyForDeploymentPostprocessing = 0;
		};
		65FCFF53205A54BA00AE4C64 /* Sources */ = {
			isa = PBXSourcesBuildPhase;
			buildActionMask = 2147483647;
			files = (
				65FCFF5C205A54BA00AE4C64 /* SceneSwapUITests.swift in Sources */,
			);
			runOnlyForDeploymentPostprocessing = 0;
		};
/* End PBXSourcesBuildPhase section */

/* Begin PBXTargetDependency section */
		65FCFF4E205A54BA00AE4C64 /* PBXTargetDependency */ = {
			isa = PBXTargetDependency;
			target = 65FCFF37205A54BA00AE4C64 /* SceneSwap */;
			targetProxy = 65FCFF4D205A54BA00AE4C64 /* PBXContainerItemProxy */;
		};
		65FCFF59205A54BA00AE4C64 /* PBXTargetDependency */ = {
			isa = PBXTargetDependency;
			target = 65FCFF37205A54BA00AE4C64 /* SceneSwap */;
			targetProxy = 65FCFF58205A54BA00AE4C64 /* PBXContainerItemProxy */;
		};
/* End PBXTargetDependency section */

/* Begin PBXVariantGroup section */
		65FCFF3F205A54BA00AE4C64 /* Main.storyboard */ = {
			isa = PBXVariantGroup;
			children = (
				65FCFF40205A54BA00AE4C64 /* Base */,
			);
			name = Main.storyboard;
			sourceTree = "<group>";
		};
		65FCFF44205A54BA00AE4C64 /* LaunchScreen.storyboard */ = {
			isa = PBXVariantGroup;
			children = (
				65FCFF45205A54BA00AE4C64 /* Base */,
			);
			name = LaunchScreen.storyboard;
			sourceTree = "<group>";
		};
/* End PBXVariantGroup section */

/* Begin XCBuildConfiguration section */
		65FCFF5E205A54BA00AE4C64 /* Debug */ = {
			isa = XCBuildConfiguration;
			buildSettings = {
				ALWAYS_SEARCH_USER_PATHS = NO;
				CLANG_ANALYZER_NONNULL = YES;
				CLANG_ANALYZER_NUMBER_OBJECT_CONVERSION = YES_AGGRESSIVE;
				CLANG_CXX_LANGUAGE_STANDARD = "gnu++14";
				CLANG_CXX_LIBRARY = "libc++";
				CLANG_ENABLE_MODULES = YES;
				CLANG_ENABLE_OBJC_ARC = YES;
				CLANG_WARN_BLOCK_CAPTURE_AUTORELEASING = YES;
				CLANG_WARN_BOOL_CONVERSION = YES;
				CLANG_WARN_COMMA = YES;
				CLANG_WARN_CONSTANT_CONVERSION = YES;
				CLANG_WARN_DIRECT_OBJC_ISA_USAGE = YES_ERROR;
				CLANG_WARN_DOCUMENTATION_COMMENTS = YES;
				CLANG_WARN_EMPTY_BODY = YES;
				CLANG_WARN_ENUM_CONVERSION = YES;
				CLANG_WARN_INFINITE_RECURSION = YES;
				CLANG_WARN_INT_CONVERSION = YES;
				CLANG_WARN_NON_LITERAL_NULL_CONVERSION = YES;
				CLANG_WARN_OBJC_LITERAL_CONVERSION = YES;
				CLANG_WARN_OBJC_ROOT_CLASS = YES_ERROR;
				CLANG_WARN_RANGE_LOOP_ANALYSIS = YES;
				CLANG_WARN_STRICT_PROTOTYPES = YES;
				CLANG_WARN_SUSPICIOUS_MOVE = YES;
				CLANG_WARN_UNGUARDED_AVAILABILITY = YES_AGGRESSIVE;
				CLANG_WARN_UNREACHABLE_CODE = YES;
				CLANG_WARN__DUPLICATE_METHOD_MATCH = YES;
				CODE_SIGN_IDENTITY = "iPhone Developer";
				COPY_PHASE_STRIP = NO;
				DEBUG_INFORMATION_FORMAT = dwarf;
				ENABLE_STRICT_OBJC_MSGSEND = YES;
				ENABLE_TESTABILITY = YES;
				GCC_C_LANGUAGE_STANDARD = gnu11;
				GCC_DYNAMIC_NO_PIC = NO;
				GCC_NO_COMMON_BLOCKS = YES;
				GCC_OPTIMIZATION_LEVEL = 0;
				GCC_PREPROCESSOR_DEFINITIONS = (
					"DEBUG=1",
					"$(inherited)",
				);
				GCC_WARN_64_TO_32_BIT_CONVERSION = YES;
				GCC_WARN_ABOUT_RETURN_TYPE = YES_ERROR;
				GCC_WARN_UNDECLARED_SELECTOR = YES;
				GCC_WARN_UNINITIALIZED_AUTOS = YES_AGGRESSIVE;
				GCC_WARN_UNUSED_FUNCTION = YES;
				GCC_WARN_UNUSED_VARIABLE = YES;
				IPHONEOS_DEPLOYMENT_TARGET = 11.2;
				MTL_ENABLE_DEBUG_INFO = YES;
				ONLY_ACTIVE_ARCH = YES;
				SDKROOT = iphoneos;
				SWIFT_ACTIVE_COMPILATION_CONDITIONS = DEBUG;
				SWIFT_OPTIMIZATION_LEVEL = "-Onone";
			};
			name = Debug;
		};
		65FCFF5F205A54BA00AE4C64 /* Release */ = {
			isa = XCBuildConfiguration;
			buildSettings = {
				ALWAYS_SEARCH_USER_PATHS = NO;
				CLANG_ANALYZER_NONNULL = YES;
				CLANG_ANALYZER_NUMBER_OBJECT_CONVERSION = YES_AGGRESSIVE;
				CLANG_CXX_LANGUAGE_STANDARD = "gnu++14";
				CLANG_CXX_LIBRARY = "libc++";
				CLANG_ENABLE_MODULES = YES;
				CLANG_ENABLE_OBJC_ARC = YES;
				CLANG_WARN_BLOCK_CAPTURE_AUTORELEASING = YES;
				CLANG_WARN_BOOL_CONVERSION = YES;
				CLANG_WARN_COMMA = YES;
				CLANG_WARN_CONSTANT_CONVERSION = YES;
				CLANG_WARN_DIRECT_OBJC_ISA_USAGE = YES_ERROR;
				CLANG_WARN_DOCUMENTATION_COMMENTS = YES;
				CLANG_WARN_EMPTY_BODY = YES;
				CLANG_WARN_ENUM_CONVERSION = YES;
				CLANG_WARN_INFINITE_RECURSION = YES;
				CLANG_WARN_INT_CONVERSION = YES;
				CLANG_WARN_NON_LITERAL_NULL_CONVERSION = YES;
				CLANG_WARN_OBJC_LITERAL_CONVERSION = YES;
				CLANG_WARN_OBJC_ROOT_CLASS = YES_ERROR;
				CLANG_WARN_RANGE_LOOP_ANALYSIS = YES;
				CLANG_WARN_STRICT_PROTOTYPES = YES;
				CLANG_WARN_SUSPICIOUS_MOVE = YES;
				CLANG_WARN_UNGUARDED_AVAILABILITY = YES_AGGRESSIVE;
				CLANG_WARN_UNREACHABLE_CODE = YES;
				CLANG_WARN__DUPLICATE_METHOD_MATCH = YES;
				CODE_SIGN_IDENTITY = "iPhone Developer";
				COPY_PHASE_STRIP = NO;
				DEBUG_INFORMATION_FORMAT = "dwarf-with-dsym";
				ENABLE_NS_ASSERTIONS = NO;
				ENABLE_STRICT_OBJC_MSGSEND = YES;
				GCC_C_LANGUAGE_STANDARD = gnu11;
				GCC_NO_COMMON_BLOCKS = YES;
				GCC_WARN_64_TO_32_BIT_CONVERSION = YES;
				GCC_WARN_ABOUT_RETURN_TYPE = YES_ERROR;
				GCC_WARN_UNDECLARED_SELECTOR = YES;
				GCC_WARN_UNINITIALIZED_AUTOS = YES_AGGRESSIVE;
				GCC_WARN_UNUSED_FUNCTION = YES;
				GCC_WARN_UNUSED_VARIABLE = YES;
				IPHONEOS_DEPLOYMENT_TARGET = 11.2;
				MTL_ENABLE_DEBUG_INFO = NO;
				SDKROOT = iphoneos;
				SWIFT_OPTIMIZATION_LEVEL = "-Owholemodule";
				VALIDATE_PRODUCT = YES;
			};
			name = Release;
		};
		65FCFF61205A54BA00AE4C64 /* Debug */ = {
			isa = XCBuildConfiguration;
			baseConfigurationReference = B6993892645D21E93BEB453C /* Pods-SceneSwap.debug.xcconfig */;
			buildSettings = {
				ASSETCATALOG_COMPILER_APPICON_NAME = AppIcon;
				CLANG_ENABLE_MODULES = YES;
				CODE_SIGN_STYLE = Automatic;
				DEVELOPMENT_TEAM = 4RCZYH32VP;
				INFOPLIST_FILE = SceneSwap/Info.plist;
				LD_RUNPATH_SEARCH_PATHS = "$(inherited) @executable_path/Frameworks";
				PRODUCT_BUNDLE_IDENTIFIER = com.matthew.sceneswap;
				PRODUCT_NAME = "$(TARGET_NAME)";
				SWIFT_OBJC_BRIDGING_HEADER = "SceneSwap/SceneSwap-Bridging-Header.h";
				SWIFT_OPTIMIZATION_LEVEL = "-Onone";
				SWIFT_VERSION = 4.0;
				TARGETED_DEVICE_FAMILY = "1,2";
			};
			name = Debug;
		};
		65FCFF62205A54BA00AE4C64 /* Release */ = {
			isa = XCBuildConfiguration;
			baseConfigurationReference = 0DAABA65AC84EFEAEB53AD7D /* Pods-SceneSwap.release.xcconfig */;
			buildSettings = {
				ASSETCATALOG_COMPILER_APPICON_NAME = AppIcon;
				CLANG_ENABLE_MODULES = YES;
				CODE_SIGN_STYLE = Automatic;
				DEVELOPMENT_TEAM = 4RCZYH32VP;
				INFOPLIST_FILE = SceneSwap/Info.plist;
				LD_RUNPATH_SEARCH_PATHS = "$(inherited) @executable_path/Frameworks";
				PRODUCT_BUNDLE_IDENTIFIER = com.matthew.sceneswap;
				PRODUCT_NAME = "$(TARGET_NAME)";
				SWIFT_OBJC_BRIDGING_HEADER = "SceneSwap/SceneSwap-Bridging-Header.h";
				SWIFT_VERSION = 4.0;
				TARGETED_DEVICE_FAMILY = "1,2";
			};
			name = Release;
		};
		65FCFF64205A54BA00AE4C64 /* Debug */ = {
			isa = XCBuildConfiguration;
			baseConfigurationReference = 97DF9F699313B51AB515377C /* Pods-SceneSwapTests.debug.xcconfig */;
			buildSettings = {
				ALWAYS_EMBED_SWIFT_STANDARD_LIBRARIES = YES;
				BUNDLE_LOADER = "$(TEST_HOST)";
				CODE_SIGN_STYLE = Automatic;
				INFOPLIST_FILE = SceneSwapTests/Info.plist;
				LD_RUNPATH_SEARCH_PATHS = "$(inherited) @executable_path/Frameworks @loader_path/Frameworks";
				PRODUCT_BUNDLE_IDENTIFIER = com.muhammadian.SceneSwapTests;
				PRODUCT_NAME = "$(TARGET_NAME)";
				SWIFT_VERSION = 4.0;
				TARGETED_DEVICE_FAMILY = "1,2";
				TEST_HOST = "$(BUILT_PRODUCTS_DIR)/SceneSwap.app/SceneSwap";
			};
			name = Debug;
		};
		65FCFF65205A54BA00AE4C64 /* Release */ = {
			isa = XCBuildConfiguration;
			baseConfigurationReference = 61E4A299DD5BE13A9C1C0B12 /* Pods-SceneSwapTests.release.xcconfig */;
			buildSettings = {
				ALWAYS_EMBED_SWIFT_STANDARD_LIBRARIES = YES;
				BUNDLE_LOADER = "$(TEST_HOST)";
				CODE_SIGN_STYLE = Automatic;
				INFOPLIST_FILE = SceneSwapTests/Info.plist;
				LD_RUNPATH_SEARCH_PATHS = "$(inherited) @executable_path/Frameworks @loader_path/Frameworks";
				PRODUCT_BUNDLE_IDENTIFIER = com.muhammadian.SceneSwapTests;
				PRODUCT_NAME = "$(TARGET_NAME)";
				SWIFT_VERSION = 4.0;
				TARGETED_DEVICE_FAMILY = "1,2";
				TEST_HOST = "$(BUILT_PRODUCTS_DIR)/SceneSwap.app/SceneSwap";
			};
			name = Release;
		};
		65FCFF67205A54BA00AE4C64 /* Debug */ = {
			isa = XCBuildConfiguration;
			baseConfigurationReference = 1154892969A6D38C249193E9 /* Pods-SceneSwapUITests.debug.xcconfig */;
			buildSettings = {
				ALWAYS_EMBED_SWIFT_STANDARD_LIBRARIES = YES;
				CODE_SIGN_STYLE = Automatic;
				INFOPLIST_FILE = SceneSwapUITests/Info.plist;
				LD_RUNPATH_SEARCH_PATHS = "$(inherited) @executable_path/Frameworks @loader_path/Frameworks";
				PRODUCT_BUNDLE_IDENTIFIER = com.muhammadian.SceneSwapUITests;
				PRODUCT_NAME = "$(TARGET_NAME)";
				SWIFT_VERSION = 4.0;
				TARGETED_DEVICE_FAMILY = "1,2";
				TEST_TARGET_NAME = SceneSwap;
			};
			name = Debug;
		};
		65FCFF68205A54BA00AE4C64 /* Release */ = {
			isa = XCBuildConfiguration;
			baseConfigurationReference = 4B1DF23E384A9B7B38696EE1 /* Pods-SceneSwapUITests.release.xcconfig */;
			buildSettings = {
				ALWAYS_EMBED_SWIFT_STANDARD_LIBRARIES = YES;
				CODE_SIGN_STYLE = Automatic;
				INFOPLIST_FILE = SceneSwapUITests/Info.plist;
				LD_RUNPATH_SEARCH_PATHS = "$(inherited) @executable_path/Frameworks @loader_path/Frameworks";
				PRODUCT_BUNDLE_IDENTIFIER = com.muhammadian.SceneSwapUITests;
				PRODUCT_NAME = "$(TARGET_NAME)";
				SWIFT_VERSION = 4.0;
				TARGETED_DEVICE_FAMILY = "1,2";
				TEST_TARGET_NAME = SceneSwap;
			};
			name = Release;
		};
/* End XCBuildConfiguration section */

/* Begin XCConfigurationList section */
		65FCFF33205A54BA00AE4C64 /* Build configuration list for PBXProject "SceneSwap" */ = {
			isa = XCConfigurationList;
			buildConfigurations = (
				65FCFF5E205A54BA00AE4C64 /* Debug */,
				65FCFF5F205A54BA00AE4C64 /* Release */,
			);
			defaultConfigurationIsVisible = 0;
			defaultConfigurationName = Release;
		};
		65FCFF60205A54BA00AE4C64 /* Build configuration list for PBXNativeTarget "SceneSwap" */ = {
			isa = XCConfigurationList;
			buildConfigurations = (
				65FCFF61205A54BA00AE4C64 /* Debug */,
				65FCFF62205A54BA00AE4C64 /* Release */,
			);
			defaultConfigurationIsVisible = 0;
			defaultConfigurationName = Release;
		};
		65FCFF63205A54BA00AE4C64 /* Build configuration list for PBXNativeTarget "SceneSwapTests" */ = {
			isa = XCConfigurationList;
			buildConfigurations = (
				65FCFF64205A54BA00AE4C64 /* Debug */,
				65FCFF65205A54BA00AE4C64 /* Release */,
			);
			defaultConfigurationIsVisible = 0;
			defaultConfigurationName = Release;
		};
		65FCFF66205A54BA00AE4C64 /* Build configuration list for PBXNativeTarget "SceneSwapUITests" */ = {
			isa = XCConfigurationList;
			buildConfigurations = (
				65FCFF67205A54BA00AE4C64 /* Debug */,
				65FCFF68205A54BA00AE4C64 /* Release */,
			);
			defaultConfigurationIsVisible = 0;
			defaultConfigurationName = Release;
		};
/* End XCConfigurationList section */
	};
	rootObject = 65FCFF30205A54BA00AE4C64 /* Project object */;
}
